
Microsoft Visual Studio Solution File, Format Version 12.00
# Visual Studio 15
VisualStudioVersion = 15.0.27130.2026
MinimumVisualStudioVersion = 10.0.40219.1
Project("{FAE04EC0-301F-11D3-BF4B-00C04F79EFBC}") = "Ucommerce.Masterclass.Website", "Ucommerce.Masterclass.Website\Ucommerce.Masterclass.Website.csproj", "{3506E655-5741-4601-9732-E9A7B9675C55}"
EndProject
Project("{FAE04EC0-301F-11D3-BF4B-00C04F79EFBC}") = "Ucommerce.Masterclass.BusinessLogic", "Ucommerce.Masterclass.BusinessLogic\Ucommerce.Masterclass.BusinessLogic.csproj", "{7BBD392A-21D3-470F-9D81-54EE7221FA2C}"
EndProject
Project("{FAE04EC0-301F-11D3-BF4B-00C04F79EFBC}") = "Ucommerce.MasterClass.Integration", "Ucommerce.MasterClass.Integration\Ucommerce.MasterClass.Integration.csproj", "{263EB4F4-585D-492D-A8B2-4B7C32594017}"
EndProject
Project("{2150E333-8FDC-42A3-9474-1A3956D46DE8}") = "Deploy", "Deploy", "{B9897C88-3C3E-4BEF-8153-83D8CF8BEBF9}"
	ProjectSection(SolutionItems) = preProject
		..\tools\Deploy\Deploy-Local.ps1 = ..\tools\Deploy\Deploy-Local.ps1
	EndProjectSection
EndProject
Global
	GlobalSection(SolutionConfigurationPlatforms) = preSolution
		Debug|Any CPU = Debug|Any CPU
		Release|Any CPU = Release|Any CPU
	EndGlobalSection
	GlobalSection(ProjectConfigurationPlatforms) = postSolution
		{3506E655-5741-4601-9732-E9A7B9675C55}.Debug|Any CPU.ActiveCfg = Debug|Any CPU
		{3506E655-5741-4601-9732-E9A7B9675C55}.Debug|Any CPU.Build.0 = Debug|Any CPU
		{3506E655-5741-4601-9732-E9A7B9675C55}.Release|Any CPU.ActiveCfg = Release|Any CPU
		{3506E655-5741-4601-9732-E9A7B9675C55}.Release|Any CPU.Build.0 = Release|Any CPU
		{7BBD392A-21D3-470F-9D81-54EE7221FA2C}.Debug|Any CPU.ActiveCfg = Debug|Any CPU
		{7BBD392A-21D3-470F-9D81-54EE7221FA2C}.Debug|Any CPU.Build.0 = Debug|Any CPU
		{7BBD392A-21D3-470F-9D81-54EE7221FA2C}.Release|Any CPU.ActiveCfg = Release|Any CPU
		{7BBD392A-21D3-470F-9D81-54EE7221FA2C}.Release|Any CPU.Build.0 = Release|Any CPU
		{263EB4F4-585D-492D-A8B2-4B7C32594017}.Debug|Any CPU.ActiveCfg = Debug|Any CPU
		{263EB4F4-585D-492D-A8B2-4B7C32594017}.Debug|Any CPU.Build.0 = Debug|Any CPU
		{263EB4F4-585D-492D-A8B2-4B7C32594017}.Release|Any CPU.ActiveCfg = Release|Any CPU
		{263EB4F4-585D-492D-A8B2-4B7C32594017}.Release|Any CPU.Build.0 = Release|Any CPU
	EndGlobalSection
	GlobalSection(SolutionProperties) = preSolution
		HideSolutionNode = FALSE
	EndGlobalSection
	GlobalSection(ExtensibilityGlobals) = postSolution
		SolutionGuid = {FE0E4512-904B-47FA-9B38-98DE7842B499}
	EndGlobalSection
EndGlobal
